
Microsoft Visual Studio Solution File, Format Version 12.00
# Visual Studio 15
VisualStudioVersion = 15.0.26730.16
MinimumVisualStudioVersion = 10.0.40219.1
Project("{FAE04EC0-301F-11D3-BF4B-00C04F79EFBC}") = "ASAM.MDF", "ASAM.MDF\ASAM.MDF.csproj", "{ECE07C14-DE26-45C5-88E8-75CD9EFB705B}"
EndProject
Global
	GlobalSection(SolutionConfigurationPlatforms) = preSolution
		Debug|Any CPU = Debug|Any CPU
		Release|Any CPU = Release|Any CPU
	EndGlobalSection
	GlobalSection(ProjectConfigurationPlatforms) = postSolution
		{ECE07C14-DE26-45C5-88E8-75CD9EFB705B}.Debug|Any CPU.ActiveCfg = Debug|Any CPU
		{ECE07C14-DE26-45C5-88E8-75CD9EFB705B}.Debug|Any CPU.Build.0 = Debug|Any CPU
		{ECE07C14-DE26-45C5-88E8-75CD9EFB705B}.Release|Any CPU.ActiveCfg = Release|Any CPU
		{ECE07C14-DE26-45C5-88E8-75CD9EFB705B}.Release|Any CPU.Build.0 = Release|Any CPU
	EndGlobalSection
	GlobalSection(SolutionProperties) = preSolution
		HideSolutionNode = FALSE
	EndGlobalSection
	GlobalSection(ExtensibilityGlobals) = postSolution
		SolutionGuid = {96D4C095-0A20-45B4-9C7E-CE5ED4A9B82E}
	EndGlobalSection
EndGlobal
